// !$*UTF8*$!
{
	archiveVersion = 1;
	classes = {
	};
	objectVersion = 46;
	objects = {

/* Begin PBXBuildFile section */
		970B05DE1B86CFD100E774DE /* AppDelegate.swift in Sources */ = {isa = PBXBuildFile; fileRef = 970B05DD1B86CFD100E774DE /* AppDelegate.swift */; };
		970B05E01B86CFD100E774DE /* ViewController.swift in Sources */ = {isa = PBXBuildFile; fileRef = 970B05DF1B86CFD100E774DE /* ViewController.swift */; };
		970B05E31B86CFD100E774DE /* Main.storyboard in Resources */ = {isa = PBXBuildFile; fileRef = 970B05E11B86CFD100E774DE /* Main.storyboard */; };
		970B05E51B86CFD100E774DE /* Images.xcassets in Resources */ = {isa = PBXBuildFile; fileRef = 970B05E41B86CFD100E774DE /* Images.xcassets */; };
		970B05E81B86CFD100E774DE /* LaunchScreen.xib in Resources */ = {isa = PBXBuildFile; fileRef = 970B05E61B86CFD100E774DE /* LaunchScreen.xib */; };
		970B05F41B86CFD200E774DE /* CollectionViewTestTests.swift in Sources */ = {isa = PBXBuildFile; fileRef = 970B05F31B86CFD200E774DE /* CollectionViewTestTests.swift */; };
/* End PBXBuildFile section */

/* Begin PBXContainerItemProxy section */
		970B05EE1B86CFD200E774DE /* PBXContainerItemProxy */ = {
			isa = PBXContainerItemProxy;
			containerPortal = 970B05D01B86CFD100E774DE /* Project object */;
			proxyType = 1;
			remoteGlobalIDString = 970B05D71B86CFD100E774DE;
			remoteInfo = CollectionViewTest;
		};
/* End PBXContainerItemProxy section */

/* Begin PBXFileReference section */
		970B05D81B86CFD100E774DE /* CollectionViewTest.app */ = {isa = PBXFileReference; explicitFileType = wrapper.application; includeInIndex = 0; path = CollectionViewTest.app; sourceTree = BUILT_PRODUCTS_DIR; };
		970B05DC1B86CFD100E774DE /* Info.plist */ = {isa = PBXFileReference; lastKnownFileType = text.plist.xml; path = Info.plist; sourceTree = "<group>"; };
		970B05DD1B86CFD100E774DE /* AppDelegate.swift */ = {isa = PBXFileReference; lastKnownFileType = sourcecode.swift; path = AppDelegate.swift; sourceTree = "<group>"; };
		970B05DF1B86CFD100E774DE /* ViewController.swift */ = {isa = PBXFileReference; lastKnownFileType = sourcecode.swift; path = ViewController.swift; sourceTree = "<group>"; };
		970B05E21B86CFD100E774DE /* Base */ = {isa = PBXFileReference; lastKnownFileType = file.storyboard; name = Base; path = Base.lproj/Main.storyboard; sourceTree = "<group>"; };
		970B05E41B86CFD100E774DE /* Images.xcassets */ = {isa = PBXFileReference; lastKnownFileType = folder.assetcatalog; path = Images.xcassets; sourceTree = "<group>"; };
		970B05E71B86CFD100E774DE /* Base */ = {isa = PBXFileReference; lastKnownFileType = file.xib; name = Base; path = Base.lproj/LaunchScreen.xib; sourceTree = "<group>"; };
		970B05ED1B86CFD200E774DE /* CollectionViewTestTests.xctest */ = {isa = PBXFileReference; explicitFileType = wrapper.cfbundle; includeInIndex = 0; path = CollectionViewTestTests.xctest; sourceTree = BUILT_PRODUCTS_DIR; };
		970B05F21B86CFD200E774DE /* Info.plist */ = {isa = PBXFileReference; lastKnownFileType = text.plist.xml; path = Info.plist; sourceTree = "<group>"; };
		970B05F31B86CFD200E774DE /* CollectionViewTestTests.swift */ = {isa = PBXFileReference; lastKnownFileType = sourcecode.swift; path = CollectionViewTestTests.swift; sourceTree = "<group>"; };
/* End PBXFileReference section */

/* Begin PBXFrameworksBuildPhase section */
		970B05D51B86CFD100E774DE /* Frameworks */ = {
			isa = PBXFrameworksBuildPhase;
			buildActionMask = 2147483647;
			files = (
			);
			runOnlyForDeploymentPostprocessing = 0;
		};
		970B05EA1B86CFD200E774DE /* Frameworks */ = {
			isa = PBXFrameworksBuildPhase;
			buildActionMask = 2147483647;
			files = (
			);
			runOnlyForDeploymentPostprocessing = 0;
		};
/* End PBXFrameworksBuildPhase section */

/* Begin PBXGroup section */
		970B05CF1B86CFD100E774DE = {
			isa = PBXGroup;
			children = (
				970B05DA1B86CFD100E774DE /* CollectionViewTest */,
				970B05F01B86CFD200E774DE /* CollectionViewTestTests */,
				970B05D91B86CFD100E774DE /* Products */,
			);
			sourceTree = "<group>";
		};
		970B05D91B86CFD100E774DE /* Products */ = {
			isa = PBXGroup;
			children = (
				970B05D81B86CFD100E774DE /* CollectionViewTest.app */,
				970B05ED1B86CFD200E774DE /* CollectionViewTestTests.xctest */,
			);
			name = Products;
			sourceTree = "<group>";
		};
		970B05DA1B86CFD100E774DE /* CollectionViewTest */ = {
			isa = PBXGroup;
			children = (
				970B05DD1B86CFD100E774DE /* AppDelegate.swift */,
				970B05DF1B86CFD100E774DE /* ViewController.swift */,
				970B05E11B86CFD100E774DE /* Main.storyboard */,
				970B05E41B86CFD100E774DE /* Images.xcassets */,
				970B05E61B86CFD100E774DE /* LaunchScreen.xib */,
				970B05DB1B86CFD100E774DE /* Supporting Files */,
			);
			path = CollectionViewTest;
			sourceTree = "<group>";
		};
		970B05DB1B86CFD100E774DE /* Supporting Files */ = {
			isa = PBXGroup;
			children = (
				970B05DC1B86CFD100E774DE /* Info.plist */,
			);
			name = "Supporting Files";
			sourceTree = "<group>";
		};
		970B05F01B86CFD200E774DE /* CollectionViewTestTests */ = {
			isa = PBXGroup;
			children = (
				970B05F31B86CFD200E774DE /* CollectionViewTestTests.swift */,
				970B05F11B86CFD200E774DE /* Supporting Files */,
			);
			path = CollectionViewTestTests;
			sourceTree = "<group>";
		};
		970B05F11B86CFD200E774DE /* Supporting Files */ = {
			isa = PBXGroup;
			children = (
				970B05F21B86CFD200E774DE /* Info.plist */,
			);
			name = "Supporting Files";
			sourceTree = "<group>";
		};
/* End PBXGroup section */

/* Begin PBXNativeTarget section */
		970B05D71B86CFD100E774DE /* CollectionViewTest */ = {
			isa = PBXNativeTarget;
			buildConfigurationList = 970B05F71B86CFD200E774DE /* Build configuration list for PBXNativeTarget "CollectionViewTest" */;
			buildPhases = (
				970B05D41B86CFD100E774DE /* Sources */,
				970B05D51B86CFD100E774DE /* Frameworks */,
				970B05D61B86CFD100E774DE /* Resources */,
			);
			buildRules = (
			);
			dependencies = (
			);
			name = CollectionViewTest;
			productName = CollectionViewTest;
			productReference = 970B05D81B86CFD100E774DE /* CollectionViewTest.app */;
			productType = "com.apple.product-type.application";
		};
		970B05EC1B86CFD200E774DE /* CollectionViewTestTests */ = {
			isa = PBXNativeTarget;
			buildConfigurationList = 970B05FA1B86CFD200E774DE /* Build configuration list for PBXNativeTarget "CollectionViewTestTests" */;
			buildPhases = (
				970B05E91B86CFD200E774DE /* Sources */,
				970B05EA1B86CFD200E774DE /* Frameworks */,
				970B05EB1B86CFD200E774DE /* Resources */,
			);
			buildRules = (
			);
			dependencies = (
				970B05EF1B86CFD200E774DE /* PBXTargetDependency */,
			);
			name = CollectionViewTestTests;
			productName = CollectionViewTestTests;
			productReference = 970B05ED1B86CFD200E774DE /* CollectionViewTestTests.xctest */;
			productType = "com.apple.product-type.bundle.unit-test";
		};
/* End PBXNativeTarget section */

/* Begin PBXProject section */
		970B05D01B86CFD100E774DE /* Project object */ = {
			isa = PBXProject;
			attributes = {
				LastUpgradeCheck = 0640;
				ORGANIZATIONNAME = "Jia Jing";
				TargetAttributes = {
					970B05D71B86CFD100E774DE = {
						CreatedOnToolsVersion = 6.4;
					};
					970B05EC1B86CFD200E774DE = {
						CreatedOnToolsVersion = 6.4;
						TestTargetID = 970B05D71B86CFD100E774DE;
					};
				};
			};
			buildConfigurationList = 970B05D31B86CFD100E774DE /* Build configuration list for PBXProject "CollectionViewTest" */;
			compatibilityVersion = "Xcode 3.2";
			developmentRegion = English;
			hasScannedForEncodings = 0;
			knownRegions = (
				en,
				Base,
			);
			mainGroup = 970B05CF1B86CFD100E774DE;
			productRefGroup = 970B05D91B86CFD100E774DE /* Products */;
			projectDirPath = "";
			projectRoot = "";
			targets = (
				970B05D71B86CFD100E774DE /* CollectionViewTest */,
				970B05EC1B86CFD200E774DE /* CollectionViewTestTests */,
			);
		};
/* End PBXProject section */

/* Begin PBXResourcesBuildPhase section */
		970B05D61B86CFD100E774DE /* Resources */ = {
			isa = PBXResourcesBuildPhase;
			buildActionMask = 2147483647;
			files = (
				970B05E31B86CFD100E774DE /* Main.storyboard in Resources */,
				970B05E81B86CFD100E774DE /* LaunchScreen.xib in Resources */,
				970B05E51B86CFD100E774DE /* Images.xcassets in Resources */,
			);
			runOnlyForDeploymentPostprocessing = 0;
		};
		970B05EB1B86CFD200E774DE /* Resources */ = {
			isa = PBXResourcesBuildPhase;
			buildActionMask = 2147483647;
			files = (
			);
			runOnlyForDeploymentPostprocessing = 0;
		};
/* End PBXResourcesBuildPhase section */

/* Begin PBXSourcesBuildPhase section */
		970B05D41B86CFD100E774DE /* Sources */ = {
			isa = PBXSourcesBuildPhase;
			buildActionMask = 2147483647;
			files = (
				970B05E01B86CFD100E774DE /* ViewController.swift in Sources */,
				970B05DE1B86CFD100E774DE /* AppDelegate.swift in Sources */,
			);
			runOnlyForDeploymentPostprocessing = 0;
		};
		970B05E91B86CFD200E774DE /* Sources */ = {
			isa = PBXSourcesBuildPhase;
			buildActionMask = 2147483647;
			files = (
				970B05F41B86CFD200E774DE /* CollectionViewTestTests.swift in Sources */,
			);
			runOnlyForDeploymentPostprocessing = 0;
		};
/* End PBXSourcesBuildPhase section */

/* Begin PBXTargetDependency section */
		970B05EF1B86CFD200E774DE /* PBXTargetDependency */ = {
			isa = PBXTargetDependency;
			target = 970B05D71B86CFD100E774DE /* CollectionViewTest */;
			targetProxy = 970B05EE1B86CFD200E774DE /* PBXContainerItemProxy */;
		};
/* End PBXTargetDependency section */

/* Begin PBXVariantGroup section */
		970B05E11B86CFD100E774DE /* Main.storyboard */ = {
			isa = PBXVariantGroup;
			children = (
				970B05E21B86CFD100E774DE /* Base */,
			);
			name = Main.storyboard;
			sourceTree = "<group>";
		};
		970B05E61B86CFD100E774DE /* LaunchScreen.xib */ = {
			isa = PBXVariantGroup;
			children = (
				970B05E71B86CFD100E774DE /* Base */,
			);
			name = LaunchScreen.xib;
			sourceTree = "<group>";
		};
/* End PBXVariantGroup section */

/* Begin XCBuildConfiguration section */
		970B05F51B86CFD200E774DE /* Debug */ = {
			isa = XCBuildConfiguration;
			buildSettings = {
				ALWAYS_SEARCH_USER_PATHS = NO;
				CLANG_CXX_LANGUAGE_STANDARD = "gnu++0x";
				CLANG_CXX_LIBRARY = "libc++";
				CLANG_ENABLE_MODULES = YES;
				CLANG_ENABLE_OBJC_ARC = YES;
				CLANG_WARN_BOOL_CONVERSION = YES;
				CLANG_WARN_CONSTANT_CONVERSION = YES;
				CLANG_WARN_DIRECT_OBJC_ISA_USAGE = YES_ERROR;
				CLANG_WARN_EMPTY_BODY = YES;
				CLANG_WARN_ENUM_CONVERSION = YES;
				CLANG_WARN_INT_CONVERSION = YES;
				CLANG_WARN_OBJC_ROOT_CLASS = YES_ERROR;
				CLANG_WARN_UNREACHABLE_CODE = YES;
				CLANG_WARN__DUPLICATE_METHOD_MATCH = YES;
				"CODE_SIGN_IDENTITY[sdk=iphoneos*]" = "iPhone Developer";
				COPY_PHASE_STRIP = NO;
				DEBUG_INFORMATION_FORMAT = "dwarf-with-dsym";
				ENABLE_STRICT_OBJC_MSGSEND = YES;
				GCC_C_LANGUAGE_STANDARD = gnu99;
				GCC_DYNAMIC_NO_PIC = NO;
				GCC_NO_COMMON_BLOCKS = YES;
				GCC_OPTIMIZATION_LEVEL = 0;
				GCC_PREPROCESSOR_DEFINITIONS = (
					"DEBUG=1",
					"$(inherited)",
				);
				GCC_SYMBOLS_PRIVATE_EXTERN = NO;
				GCC_WARN_64_TO_32_BIT_CONVERSION = YES;
				GCC_WARN_ABOUT_RETURN_TYPE = YES_ERROR;
				GCC_WARN_UNDECLARED_SELECTOR = YES;
				GCC_WARN_UNINITIALIZED_AUTOS = YES_AGGRESSIVE;
				GCC_WARN_UNUSED_FUNCTION = YES;
				GCC_WARN_UNUSED_VARIABLE = YES;
				IPHONEOS_DEPLOYMENT_TARGET = 8.4;
				MTL_ENABLE_DEBUG_INFO = YES;
				ONLY_ACTIVE_ARCH = YES;
				SDKROOT = iphoneos;
				SWIFT_OPTIMIZATION_LEVEL = "-Onone";
				TARGETED_DEVICE_FAMILY = "1,2";
			};
			name = Debug;
		};
		970B05F61B86CFD200E774DE /* Release */ = {
			isa = XCBuildConfiguration;
			buildSettings = {
				ALWAYS_SEARCH_USER_PATHS = NO;
				CLANG_CXX_LANGUAGE_STANDARD = "gnu++0x";
				CLANG_CXX_LIBRARY = "libc++";
				CLANG_ENABLE_MODULES = YES;
				CLANG_ENABLE_OBJC_ARC = YES;
				CLANG_WARN_BOOL_CONVERSION = YES;
				CLANG_WARN_CONSTANT_CONVERSION = YES;
				CLANG_WARN_DIRECT_OBJC_ISA_USAGE = YES_ERROR;
				CLANG_WARN_EMPTY_BODY = YES;
				CLANG_WARN_ENUM_CONVERSION = YES;
				CLANG_WARN_INT_CONVERSION = YES;
				CLANG_WARN_OBJC_ROOT_CLASS = YES_ERROR;
				CLANG_WARN_UNREACHABLE_CODE = YES;
				CLANG_WARN__DUPLICATE_METHOD_MATCH = YES;
				"CODE_SIGN_IDENTITY[sdk=iphoneos*]" = "iPhone Developer";
				COPY_PHASE_STRIP = NO;
				DEBUG_INFORMATION_FORMAT = "dwarf-with-dsym";
				ENABLE_NS_ASSERTIONS = NO;
				ENABLE_STRICT_OBJC_MSGSEND = YES;
				GCC_C_LANGUAGE_STANDARD = gnu99;
				GCC_NO_COMMON_BLOCKS = YES;
				GCC_WARN_64_TO_32_BIT_CONVERSION = YES;
				GCC_WARN_ABOUT_RETURN_TYPE = YES_ERROR;
				GCC_WARN_UNDECLARED_SELECTOR = YES;
				GCC_WARN_UNINITIALIZED_AUTOS = YES_AGGRESSIVE;
				GCC_WARN_UNUSED_FUNCTION = YES;
				GCC_WARN_UNUSED_VARIABLE = YES;
				IPHONEOS_DEPLOYMENT_TARGET = 8.4;
				MTL_ENABLE_DEBUG_INFO = NO;
				SDKROOT = iphoneos;
				TARGETED_DEVICE_FAMILY = "1,2";
				VALIDATE_PRODUCT = YES;
			};
			name = Release;
		};
		970B05F81B86CFD200E774DE /* Debug */ = {
			isa = XCBuildConfiguration;
			buildSettings = {
				ASSETCATALOG_COMPILER_APPICON_NAME = AppIcon;
				INFOPLIST_FILE = CollectionViewTest/Info.plist;
				LD_RUNPATH_SEARCH_PATHS = "$(inherited) @executable_path/Frameworks";
				PRODUCT_NAME = "$(TARGET_NAME)";
			};
			name = Debug;
		};
		970B05F91B86CFD200E774DE /* Release */ = {
			isa = XCBuildConfiguration;
			buildSettings = {
				ASSETCATALOG_COMPILER_APPICON_NAME = AppIcon;
				INFOPLIST_FILE = CollectionViewTest/Info.plist;
				LD_RUNPATH_SEARCH_PATHS = "$(inherited) @executable_path/Frameworks";
				PRODUCT_NAME = "$(TARGET_NAME)";
			};
			name = Release;
		};
		970B05FB1B86CFD200E774DE /* Debug */ = {
			isa = XCBuildConfiguration;
			buildSettings = {
				BUNDLE_LOADER = "$(TEST_HOST)";
				FRAMEWORK_SEARCH_PATHS = (
					"$(SDKROOT)/Developer/Library/Frameworks",
					"$(inherited)",
				);
				GCC_PREPROCESSOR_DEFINITIONS = (
					"DEBUG=1",
					"$(inherited)",
				);
				INFOPLIST_FILE = CollectionViewTestTests/Info.plist;
				LD_RUNPATH_SEARCH_PATHS = "$(inherited) @executable_path/Frameworks @loader_path/Frameworks";
				PRODUCT_NAME = "$(TARGET_NAME)";
				TEST_HOST = "$(BUILT_PRODUCTS_DIR)/CollectionViewTest.app/CollectionViewTest";
			};
			name = Debug;
		};
		970B05FC1B86CFD200E774DE /* Release */ = {
			isa = XCBuildConfiguration;
			buildSettings = {
				BUNDLE_LOADER = "$(TEST_HOST)";
				FRAMEWORK_SEARCH_PATHS = (
					"$(SDKROOT)/Developer/Library/Frameworks",
					"$(inherited)",
				);
				INFOPLIST_FILE = CollectionViewTestTests/Info.plist;
				LD_RUNPATH_SEARCH_PATHS = "$(inherited) @executable_path/Frameworks @loader_path/Frameworks";
				PRODUCT_NAME = "$(TARGET_NAME)";
				TEST_HOST = "$(BUILT_PRODUCTS_DIR)/CollectionViewTest.app/CollectionViewTest";
			};
			name = Release;
		};
/* End XCBuildConfiguration section */

/* Begin XCConfigurationList section */
		970B05D31B86CFD100E774DE /* Build configuration list for PBXProject "CollectionViewTest" */ = {
			isa = XCConfigurationList;
			buildConfigurations = (
				970B05F51B86CFD200E774DE /* Debug */,
				970B05F61B86CFD200E774DE /* Release */,
			);
			defaultConfigurationIsVisible = 0;
			defaultConfigurationName = Release;
		};
		970B05F71B86CFD200E774DE /* Build configuration list for PBXNativeTarget "CollectionViewTest" */ = {
			isa = XCConfigurationList;
			buildConfigurations = (
				970B05F81B86CFD200E774DE /* Debug */,
				970B05F91B86CFD200E774DE /* Release */,
			);
			defaultConfigurationIsVisible = 0;
		};
		970B05FA1B86CFD200E774DE /* Build configuration list for PBXNativeTarget "CollectionViewTestTests" */ = {
			isa = XCConfigurationList;
			buildConfigurations = (
				970B05FB1B86CFD200E774DE /* Debug */,
				970B05FC1B86CFD200E774DE /* Release */,
			);
			defaultConfigurationIsVisible = 0;
		};
/* End XCConfigurationList section */
	};
	rootObject = 970B05D01B86CFD100E774DE /* Project object */;
}
